
Microsoft Visual Studio Solution File, Format Version 12.00
# Visual Studio Version 17
VisualStudioVersion = 17.14.36717.8 d17.14
MinimumVisualStudioVersion = 10.0.40219.1
Project("{FAE04EC0-301F-11D3-BF4B-00C04F79EFBC}") = "MyCoreApp", "MyCoreApp.csproj", "{C1A6CDBB-9454-44D0-A47C-6D0E81BCE3CD}"
EndProject
Global
	GlobalSection(SolutionConfigurationPlatforms) = preSolution
		Debug|Any CPU = Debug|Any CPU
		Release|Any CPU = Release|Any CPU
	EndGlobalSection
	GlobalSection(ProjectConfigurationPlatforms) = postSolution
		{C1A6CDBB-9454-44D0-A47C-6D0E81BCE3CD}.Debug|Any CPU.ActiveCfg = Debug|Any CPU
		{C1A6CDBB-9454-44D0-A47C-6D0E81BCE3CD}.Debug|Any CPU.Build.0 = Debug|Any CPU
		{C1A6CDBB-9454-44D0-A47C-6D0E81BCE3CD}.Release|Any CPU.ActiveCfg = Release|Any CPU
		{C1A6CDBB-9454-44D0-A47C-6D0E81BCE3CD}.Release|Any CPU.Build.0 = Release|Any CPU
	EndGlobalSection
	GlobalSection(SolutionProperties) = preSolution
		HideSolutionNode = FALSE
	EndGlobalSection
	GlobalSection(ExtensibilityGlobals) = postSolution
		SolutionGuid = {7AAA9369-605D-45C7-9531-95CC10E29445}
	EndGlobalSection
EndGlobal
